// !$*UTF8*$!
{
	archiveVersion = 1;
	classes = {
	};
	objectVersion = 50;
	objects = {

/* Begin PBXBuildFile section */
		C686735126FE4C4E0047B299 /* Extensions.swift in Sources */ = {isa = PBXBuildFile; fileRef = C686735026FE4C4E0047B299 /* Extensions.swift */; };
		C692174E26FCE78D006F6896 /* AppDelegate.swift in Sources */ = {isa = PBXBuildFile; fileRef = C692174D26FCE78D006F6896 /* AppDelegate.swift */; };
		C692175026FCE78D006F6896 /* SceneDelegate.swift in Sources */ = {isa = PBXBuildFile; fileRef = C692174F26FCE78D006F6896 /* SceneDelegate.swift */; };
		C692175226FCE78D006F6896 /* ViewController.swift in Sources */ = {isa = PBXBuildFile; fileRef = C692175126FCE78D006F6896 /* ViewController.swift */; };
		C692175726FCE791006F6896 /* Assets.xcassets in Resources */ = {isa = PBXBuildFile; fileRef = C692175626FCE791006F6896 /* Assets.xcassets */; };
		C692175A26FCE791006F6896 /* LaunchScreen.storyboard in Resources */ = {isa = PBXBuildFile; fileRef = C692175826FCE791006F6896 /* LaunchScreen.storyboard */; };
		C692176626FCE80B006F6896 /* MainTabController.swift in Sources */ = {isa = PBXBuildFile; fileRef = C692176526FCE80B006F6896 /* MainTabController.swift */; };
		C692176826FCE825006F6896 /* FeedController.swift in Sources */ = {isa = PBXBuildFile; fileRef = C692176726FCE825006F6896 /* FeedController.swift */; };
		C692176C26FCE878006F6896 /* SearchController.swift in Sources */ = {isa = PBXBuildFile; fileRef = C692176B26FCE878006F6896 /* SearchController.swift */; };
		C692176E26FCE88B006F6896 /* ProfileController.swift in Sources */ = {isa = PBXBuildFile; fileRef = C692176D26FCE88B006F6896 /* ProfileController.swift */; };
		C692177026FCE8A1006F6896 /* NotificationController.swift in Sources */ = {isa = PBXBuildFile; fileRef = C692176F26FCE8A1006F6896 /* NotificationController.swift */; };
		C692177226FCEB2C006F6896 /* ImageSelectorController.swift in Sources */ = {isa = PBXBuildFile; fileRef = C692177126FCEB2C006F6896 /* ImageSelectorController.swift */; };
		C692177426FD1712006F6896 /* FeedCell.swift in Sources */ = {isa = PBXBuildFile; fileRef = C692177326FD1712006F6896 /* FeedCell.swift */; };
		C693533C27022397007C64E5 /* LoginController.swift in Sources */ = {isa = PBXBuildFile; fileRef = C693533B27022396007C64E5 /* LoginController.swift */; };
		C693533E270223C6007C64E5 /* RegistrationController.swift in Sources */ = {isa = PBXBuildFile; fileRef = C693533D270223C6007C64E5 /* RegistrationController.swift */; };
/* End PBXBuildFile section */

/* Begin PBXFileReference section */
		C686735026FE4C4E0047B299 /* Extensions.swift */ = {isa = PBXFileReference; lastKnownFileType = sourcecode.swift; path = Extensions.swift; sourceTree = "<group>"; };
		C692174A26FCE78D006F6896 /* Instagram Clone 2021.app */ = {isa = PBXFileReference; explicitFileType = wrapper.application; includeInIndex = 0; path = "Instagram Clone 2021.app"; sourceTree = BUILT_PRODUCTS_DIR; };
		C692174D26FCE78D006F6896 /* AppDelegate.swift */ = {isa = PBXFileReference; lastKnownFileType = sourcecode.swift; path = AppDelegate.swift; sourceTree = "<group>"; };
		C692174F26FCE78D006F6896 /* SceneDelegate.swift */ = {isa = PBXFileReference; lastKnownFileType = sourcecode.swift; path = SceneDelegate.swift; sourceTree = "<group>"; };
		C692175126FCE78D006F6896 /* ViewController.swift */ = {isa = PBXFileReference; lastKnownFileType = sourcecode.swift; path = ViewController.swift; sourceTree = "<group>"; };
		C692175626FCE791006F6896 /* Assets.xcassets */ = {isa = PBXFileReference; lastKnownFileType = folder.assetcatalog; path = Assets.xcassets; sourceTree = "<group>"; };
		C692175926FCE791006F6896 /* Base */ = {isa = PBXFileReference; lastKnownFileType = file.storyboard; name = Base; path = Base.lproj/LaunchScreen.storyboard; sourceTree = "<group>"; };
		C692175B26FCE791006F6896 /* Info.plist */ = {isa = PBXFileReference; lastKnownFileType = text.plist.xml; path = Info.plist; sourceTree = "<group>"; };
		C692176526FCE80B006F6896 /* MainTabController.swift */ = {isa = PBXFileReference; lastKnownFileType = sourcecode.swift; path = MainTabController.swift; sourceTree = "<group>"; };
		C692176726FCE825006F6896 /* FeedController.swift */ = {isa = PBXFileReference; lastKnownFileType = sourcecode.swift; path = FeedController.swift; sourceTree = "<group>"; };
		C692176B26FCE878006F6896 /* SearchController.swift */ = {isa = PBXFileReference; lastKnownFileType = sourcecode.swift; path = SearchController.swift; sourceTree = "<group>"; };
		C692176D26FCE88B006F6896 /* ProfileController.swift */ = {isa = PBXFileReference; lastKnownFileType = sourcecode.swift; path = ProfileController.swift; sourceTree = "<group>"; };
		C692176F26FCE8A1006F6896 /* NotificationController.swift */ = {isa = PBXFileReference; lastKnownFileType = sourcecode.swift; path = NotificationController.swift; sourceTree = "<group>"; };
		C692177126FCEB2C006F6896 /* ImageSelectorController.swift */ = {isa = PBXFileReference; lastKnownFileType = sourcecode.swift; path = ImageSelectorController.swift; sourceTree = "<group>"; };
		C692177326FD1712006F6896 /* FeedCell.swift */ = {isa = PBXFileReference; lastKnownFileType = sourcecode.swift; path = FeedCell.swift; sourceTree = "<group>"; };
		C693533B27022396007C64E5 /* LoginController.swift */ = {isa = PBXFileReference; lastKnownFileType = sourcecode.swift; path = LoginController.swift; sourceTree = "<group>"; };
		C693533D270223C6007C64E5 /* RegistrationController.swift */ = {isa = PBXFileReference; lastKnownFileType = sourcecode.swift; path = RegistrationController.swift; sourceTree = "<group>"; };
/* End PBXFileReference section */

/* Begin PBXFrameworksBuildPhase section */
		C692174726FCE78D006F6896 /* Frameworks */ = {
			isa = PBXFrameworksBuildPhase;
			buildActionMask = 2147483647;
			files = (
			);
			runOnlyForDeploymentPostprocessing = 0;
		};
/* End PBXFrameworksBuildPhase section */

/* Begin PBXGroup section */
		C692174126FCE78D006F6896 = {
			isa = PBXGroup;
			children = (
				C692174C26FCE78D006F6896 /* Instagram Clone 2021 */,
				C692174B26FCE78D006F6896 /* Products */,
			);
			sourceTree = "<group>";
		};
		C692174B26FCE78D006F6896 /* Products */ = {
			isa = PBXGroup;
			children = (
				C692174A26FCE78D006F6896 /* Instagram Clone 2021.app */,
			);
			name = Products;
			sourceTree = "<group>";
		};
		C692174C26FCE78D006F6896 /* Instagram Clone 2021 */ = {
			isa = PBXGroup;
			children = (
				C692176126FCE7A1006F6896 /* Model */,
				C692176226FCE7AF006F6896 /* View */,
				C692176326FCE7B4006F6896 /* viewModel */,
				C692176426FCE7BF006F6896 /* Controller */,
				C692176926FCE836006F6896 /* API */,
				C692176A26FCE83D006F6896 /* Utits */,
				C692174D26FCE78D006F6896 /* AppDelegate.swift */,
				C692174F26FCE78D006F6896 /* SceneDelegate.swift */,
				C692175126FCE78D006F6896 /* ViewController.swift */,
				C692175626FCE791006F6896 /* Assets.xcassets */,
				C692175826FCE791006F6896 /* LaunchScreen.storyboard */,
				C692175B26FCE791006F6896 /* Info.plist */,
			);
			path = "Instagram Clone 2021";
			sourceTree = "<group>";
		};
		C692176126FCE7A1006F6896 /* Model */ = {
			isa = PBXGroup;
			children = (
			);
			path = Model;
			sourceTree = "<group>";
		};
		C692176226FCE7AF006F6896 /* View */ = {
			isa = PBXGroup;
			children = (
				C692177326FD1712006F6896 /* FeedCell.swift */,
			);
			path = View;
			sourceTree = "<group>";
		};
		C692176326FCE7B4006F6896 /* viewModel */ = {
			isa = PBXGroup;
			children = (
			);
			path = viewModel;
			sourceTree = "<group>";
		};
		C692176426FCE7BF006F6896 /* Controller */ = {
			isa = PBXGroup;
			children = (
				C693533A27022361007C64E5 /* Authentication */,
				C692176526FCE80B006F6896 /* MainTabController.swift */,
				C692176726FCE825006F6896 /* FeedController.swift */,
				C692176B26FCE878006F6896 /* SearchController.swift */,
				C692177126FCEB2C006F6896 /* ImageSelectorController.swift */,
				C692176F26FCE8A1006F6896 /* NotificationController.swift */,
				C692176D26FCE88B006F6896 /* ProfileController.swift */,
			);
			path = Controller;
			sourceTree = "<group>";
		};
		C692176926FCE836006F6896 /* API */ = {
			isa = PBXGroup;
			children = (
			);
			path = API;
			sourceTree = "<group>";
		};
		C692176A26FCE83D006F6896 /* Utits */ = {
			isa = PBXGroup;
			children = (
				C686735026FE4C4E0047B299 /* Extensions.swift */,
			);
			path = Utits;
			sourceTree = "<group>";
		};
		C693533A27022361007C64E5 /* Authentication */ = {
			isa = PBXGroup;
			children = (
				C693533B27022396007C64E5 /* LoginController.swift */,
				C693533D270223C6007C64E5 /* RegistrationController.swift */,
			);
			path = Authentication;
			sourceTree = "<group>";
		};
/* End PBXGroup section */

/* Begin PBXNativeTarget section */
		C692174926FCE78D006F6896 /* Instagram Clone 2021 */ = {
			isa = PBXNativeTarget;
			buildConfigurationList = C692175E26FCE791006F6896 /* Build configuration list for PBXNativeTarget "Instagram Clone 2021" */;
			buildPhases = (
				C692174626FCE78D006F6896 /* Sources */,
				C692174726FCE78D006F6896 /* Frameworks */,
				C692174826FCE78D006F6896 /* Resources */,
			);
			buildRules = (
			);
			dependencies = (
			);
			name = "Instagram Clone 2021";
			productName = "Instagram Clone 2021";
			productReference = C692174A26FCE78D006F6896 /* Instagram Clone 2021.app */;
			productType = "com.apple.product-type.application";
		};
/* End PBXNativeTarget section */

/* Begin PBXProject section */
		C692174226FCE78D006F6896 /* Project object */ = {
			isa = PBXProject;
			attributes = {
				LastSwiftUpdateCheck = 1250;
				LastUpgradeCheck = 1250;
				TargetAttributes = {
					C692174926FCE78D006F6896 = {
						CreatedOnToolsVersion = 12.5.1;
					};
				};
			};
			buildConfigurationList = C692174526FCE78D006F6896 /* Build configuration list for PBXProject "Instagram Clone 2021" */;
			compatibilityVersion = "Xcode 9.3";
			developmentRegion = en;
			hasScannedForEncodings = 0;
			knownRegions = (
				en,
				Base,
			);
			mainGroup = C692174126FCE78D006F6896;
			productRefGroup = C692174B26FCE78D006F6896 /* Products */;
			projectDirPath = "";
			projectRoot = "";
			targets = (
				C692174926FCE78D006F6896 /* Instagram Clone 2021 */,
			);
		};
/* End PBXProject section */

/* Begin PBXResourcesBuildPhase section */
		C692174826FCE78D006F6896 /* Resources */ = {
			isa = PBXResourcesBuildPhase;
			buildActionMask = 2147483647;
			files = (
				C692175A26FCE791006F6896 /* LaunchScreen.storyboard in Resources */,
				C692175726FCE791006F6896 /* Assets.xcassets in Resources */,
			);
			runOnlyForDeploymentPostprocessing = 0;
		};
/* End PBXResourcesBuildPhase section */

/* Begin PBXSourcesBuildPhase section */
		C692174626FCE78D006F6896 /* Sources */ = {
			isa = PBXSourcesBuildPhase;
			buildActionMask = 2147483647;
			files = (
				C692176E26FCE88B006F6896 /* ProfileController.swift in Sources */,
				C693533C27022397007C64E5 /* LoginController.swift in Sources */,
				C692177426FD1712006F6896 /* FeedCell.swift in Sources */,
				C692175226FCE78D006F6896 /* ViewController.swift in Sources */,
				C692177026FCE8A1006F6896 /* NotificationController.swift in Sources */,
				C692176C26FCE878006F6896 /* SearchController.swift in Sources */,
				C692177226FCEB2C006F6896 /* ImageSelectorController.swift in Sources */,
				C692174E26FCE78D006F6896 /* AppDelegate.swift in Sources */,
				C692176826FCE825006F6896 /* FeedController.swift in Sources */,
				C692176626FCE80B006F6896 /* MainTabController.swift in Sources */,
				C686735126FE4C4E0047B299 /* Extensions.swift in Sources */,
				C692175026FCE78D006F6896 /* SceneDelegate.swift in Sources */,
				C693533E270223C6007C64E5 /* RegistrationController.swift in Sources */,
			);
			runOnlyForDeploymentPostprocessing = 0;
		};
/* End PBXSourcesBuildPhase section */

/* Begin PBXVariantGroup section */
		C692175826FCE791006F6896 /* LaunchScreen.storyboard */ = {
			isa = PBXVariantGroup;
			children = (
				C692175926FCE791006F6896 /* Base */,
			);
			name = LaunchScreen.storyboard;
			sourceTree = "<group>";
		};
/* End PBXVariantGroup section */

/* Begin XCBuildConfiguration section */
		C692175C26FCE791006F6896 /* Debug */ = {
			isa = XCBuildConfiguration;
			buildSettings = {
				ALWAYS_SEARCH_USER_PATHS = NO;
				CLANG_ANALYZER_NONNULL = YES;
				CLANG_ANALYZER_NUMBER_OBJECT_CONVERSION = YES_AGGRESSIVE;
				CLANG_CXX_LANGUAGE_STANDARD = "gnu++14";
				CLANG_CXX_LIBRARY = "libc++";
				CLANG_ENABLE_MODULES = YES;
				CLANG_ENABLE_OBJC_ARC = YES;
				CLANG_ENABLE_OBJC_WEAK = YES;
				CLANG_WARN_BLOCK_CAPTURE_AUTORELEASING = YES;
				CLANG_WARN_BOOL_CONVERSION = YES;
				CLANG_WARN_COMMA = YES;
				CLANG_WARN_CONSTANT_CONVERSION = YES;
				CLANG_WARN_DEPRECATED_OBJC_IMPLEMENTATIONS = YES;
				CLANG_WARN_DIRECT_OBJC_ISA_USAGE = YES_ERROR;
				CLANG_WARN_DOCUMENTATION_COMMENTS = YES;
				CLANG_WARN_EMPTY_BODY = YES;
				CLANG_WARN_ENUM_CONVERSION = YES;
				CLANG_WARN_INFINITE_RECURSION = YES;
				CLANG_WARN_INT_CONVERSION = YES;
				CLANG_WARN_NON_LITERAL_NULL_CONVERSION = YES;
				CLANG_WARN_OBJC_IMPLICIT_RETAIN_SELF = YES;
				CLANG_WARN_OBJC_LITERAL_CONVERSION = YES;
				CLANG_WARN_OBJC_ROOT_CLASS = YES_ERROR;
				CLANG_WARN_QUOTED_INCLUDE_IN_FRAMEWORK_HEADER = YES;
				CLANG_WARN_RANGE_LOOP_ANALYSIS = YES;
				CLANG_WARN_STRICT_PROTOTYPES = YES;
				CLANG_WARN_SUSPICIOUS_MOVE = YES;
				CLANG_WARN_UNGUARDED_AVAILABILITY = YES_AGGRESSIVE;
				CLANG_WARN_UNREACHABLE_CODE = YES;
				CLANG_WARN__DUPLICATE_METHOD_MATCH = YES;
				COPY_PHASE_STRIP = NO;
				DEBUG_INFORMATION_FORMAT = dwarf;
				ENABLE_STRICT_OBJC_MSGSEND = YES;
				ENABLE_TESTABILITY = YES;
				GCC_C_LANGUAGE_STANDARD = gnu11;
				GCC_DYNAMIC_NO_PIC = NO;
				GCC_NO_COMMON_BLOCKS = YES;
				GCC_OPTIMIZATION_LEVEL = 0;
				GCC_PREPROCESSOR_DEFINITIONS = (
					"DEBUG=1",
					"$(inherited)",
				);
				GCC_WARN_64_TO_32_BIT_CONVERSION = YES;
				GCC_WARN_ABOUT_RETURN_TYPE = YES_ERROR;
				GCC_WARN_UNDECLARED_SELECTOR = YES;
				GCC_WARN_UNINITIALIZED_AUTOS = YES_AGGRESSIVE;
				GCC_WARN_UNUSED_FUNCTION = YES;
				GCC_WARN_UNUSED_VARIABLE = YES;
				IPHONEOS_DEPLOYMENT_TARGET = 14.5;
				MTL_ENABLE_DEBUG_INFO = INCLUDE_SOURCE;
				MTL_FAST_MATH = YES;
				ONLY_ACTIVE_ARCH = YES;
				SDKROOT = iphoneos;
				SWIFT_ACTIVE_COMPILATION_CONDITIONS = DEBUG;
				SWIFT_OPTIMIZATION_LEVEL = "-Onone";
			};
			name = Debug;
		};
		C692175D26FCE791006F6896 /* Release */ = {
			isa = XCBuildConfiguration;
			buildSettings = {
				ALWAYS_SEARCH_USER_PATHS = NO;
				CLANG_ANALYZER_NONNULL = YES;
				CLANG_ANALYZER_NUMBER_OBJECT_CONVERSION = YES_AGGRESSIVE;
				CLANG_CXX_LANGUAGE_STANDARD = "gnu++14";
				CLANG_CXX_LIBRARY = "libc++";
				CLANG_ENABLE_MODULES = YES;
				CLANG_ENABLE_OBJC_ARC = YES;
				CLANG_ENABLE_OBJC_WEAK = YES;
				CLANG_WARN_BLOCK_CAPTURE_AUTORELEASING = YES;
				CLANG_WARN_BOOL_CONVERSION = YES;
				CLANG_WARN_COMMA = YES;
				CLANG_WARN_CONSTANT_CONVERSION = YES;
				CLANG_WARN_DEPRECATED_OBJC_IMPLEMENTATIONS = YES;
				CLANG_WARN_DIRECT_OBJC_ISA_USAGE = YES_ERROR;
				CLANG_WARN_DOCUMENTATION_COMMENTS = YES;
				CLANG_WARN_EMPTY_BODY = YES;
				CLANG_WARN_ENUM_CONVERSION = YES;
				CLANG_WARN_INFINITE_RECURSION = YES;
				CLANG_WARN_INT_CONVERSION = YES;
				CLANG_WARN_NON_LITERAL_NULL_CONVERSION = YES;
				CLANG_WARN_OBJC_IMPLICIT_RETAIN_SELF = YES;
				CLANG_WARN_OBJC_LITERAL_CONVERSION = YES;
				CLANG_WARN_OBJC_ROOT_CLASS = YES_ERROR;
				CLANG_WARN_QUOTED_INCLUDE_IN_FRAMEWORK_HEADER = YES;
				CLANG_WARN_RANGE_LOOP_ANALYSIS = YES;
				CLANG_WARN_STRICT_PROTOTYPES = YES;
				CLANG_WARN_SUSPICIOUS_MOVE = YES;
				CLANG_WARN_UNGUARDED_AVAILABILITY = YES_AGGRESSIVE;
				CLANG_WARN_UNREACHABLE_CODE = YES;
				CLANG_WARN__DUPLICATE_METHOD_MATCH = YES;
				COPY_PHASE_STRIP = NO;
				DEBUG_INFORMATION_FORMAT = "dwarf-with-dsym";
				ENABLE_NS_ASSERTIONS = NO;
				ENABLE_STRICT_OBJC_MSGSEND = YES;
				GCC_C_LANGUAGE_STANDARD = gnu11;
				GCC_NO_COMMON_BLOCKS = YES;
				GCC_WARN_64_TO_32_BIT_CONVERSION = YES;
				GCC_WARN_ABOUT_RETURN_TYPE = YES_ERROR;
				GCC_WARN_UNDECLARED_SELECTOR = YES;
				GCC_WARN_UNINITIALIZED_AUTOS = YES_AGGRESSIVE;
				GCC_WARN_UNUSED_FUNCTION = YES;
				GCC_WARN_UNUSED_VARIABLE = YES;
				IPHONEOS_DEPLOYMENT_TARGET = 14.5;
				MTL_ENABLE_DEBUG_INFO = NO;
				MTL_FAST_MATH = YES;
				SDKROOT = iphoneos;
				SWIFT_COMPILATION_MODE = wholemodule;
				SWIFT_OPTIMIZATION_LEVEL = "-O";
				VALIDATE_PRODUCT = YES;
			};
			name = Release;
		};
		C692175F26FCE791006F6896 /* Debug */ = {
			isa = XCBuildConfiguration;
			buildSettings = {
				ASSETCATALOG_COMPILER_APPICON_NAME = AppIcon;
				ASSETCATALOG_COMPILER_GLOBAL_ACCENT_COLOR_NAME = AccentColor;
				CODE_SIGN_STYLE = Automatic;
				DEVELOPMENT_TEAM = YXKH3RC58L;
				INFOPLIST_FILE = "Instagram Clone 2021/Info.plist";
				LD_RUNPATH_SEARCH_PATHS = (
					"$(inherited)",
					"@executable_path/Frameworks",
				);
				PRODUCT_BUNDLE_IDENTIFIER = "com.danieljstvincent.www.Instagram-Clone-2021";
				PRODUCT_NAME = "$(TARGET_NAME)";
				SWIFT_VERSION = 5.0;
				TARGETED_DEVICE_FAMILY = "1,2";
			};
			name = Debug;
		};
		C692176026FCE791006F6896 /* Release */ = {
			isa = XCBuildConfiguration;
			buildSettings = {
				ASSETCATALOG_COMPILER_APPICON_NAME = AppIcon;
				ASSETCATALOG_COMPILER_GLOBAL_ACCENT_COLOR_NAME = AccentColor;
				CODE_SIGN_STYLE = Automatic;
				DEVELOPMENT_TEAM = YXKH3RC58L;
				INFOPLIST_FILE = "Instagram Clone 2021/Info.plist";
				LD_RUNPATH_SEARCH_PATHS = (
					"$(inherited)",
					"@executable_path/Frameworks",
				);
				PRODUCT_BUNDLE_IDENTIFIER = "com.danieljstvincent.www.Instagram-Clone-2021";
				PRODUCT_NAME = "$(TARGET_NAME)";
				SWIFT_VERSION = 5.0;
				TARGETED_DEVICE_FAMILY = "1,2";
			};
			name = Release;
		};
/* End XCBuildConfiguration section */

/* Begin XCConfigurationList section */
		C692174526FCE78D006F6896 /* Build configuration list for PBXProject "Instagram Clone 2021" */ = {
			isa = XCConfigurationList;
			buildConfigurations = (
				C692175C26FCE791006F6896 /* Debug */,
				C692175D26FCE791006F6896 /* Release */,
			);
			defaultConfigurationIsVisible = 0;
			defaultConfigurationName = Release;
		};
		C692175E26FCE791006F6896 /* Build configuration list for PBXNativeTarget "Instagram Clone 2021" */ = {
			isa = XCConfigurationList;
			buildConfigurations = (
				C692175F26FCE791006F6896 /* Debug */,
				C692176026FCE791006F6896 /* Release */,
			);
			defaultConfigurationIsVisible = 0;
			defaultConfigurationName = Release;
		};
/* End XCConfigurationList section */
	};
	rootObject = C692174226FCE78D006F6896 /* Project object */;
}
